
Microsoft Visual Studio Solution File, Format Version 12.00
# Visual Studio 15
VisualStudioVersion = 15.0.28010.2036
MinimumVisualStudioVersion = 10.0.40219.1
Project("{FAE04EC0-301F-11D3-BF4B-00C04F79EFBC}") = "ASCII_CoversionApp", "ASCII_CoversionApp\ASCII_CoversionApp.csproj", "{BEDAD990-2E78-4F34-B839-C36808BB8C67}"
EndProject
Global
	GlobalSection(SolutionConfigurationPlatforms) = preSolution
		Debug|Any CPU = Debug|Any CPU
		Release|Any CPU = Release|Any CPU
	EndGlobalSection
	GlobalSection(ProjectConfigurationPlatforms) = postSolution
		{BEDAD990-2E78-4F34-B839-C36808BB8C67}.Debug|Any CPU.ActiveCfg = Debug|Any CPU
		{BEDAD990-2E78-4F34-B839-C36808BB8C67}.Debug|Any CPU.Build.0 = Debug|Any CPU
		{BEDAD990-2E78-4F34-B839-C36808BB8C67}.Release|Any CPU.ActiveCfg = Release|Any CPU
		{BEDAD990-2E78-4F34-B839-C36808BB8C67}.Release|Any CPU.Build.0 = Release|Any CPU
	EndGlobalSection
	GlobalSection(SolutionProperties) = preSolution
		HideSolutionNode = FALSE
	EndGlobalSection
	GlobalSection(ExtensibilityGlobals) = postSolution
		SolutionGuid = {455C76DB-B879-4F33-9C3E-9DF28A806B0B}
	EndGlobalSection
EndGlobal
